
Microsoft Visual Studio Solution File, Format Version 12.00
# Visual Studio 15
VisualStudioVersion = 15.0.27130.2020
MinimumVisualStudioVersion = 10.0.40219.1
Project("{FAE04EC0-301F-11D3-BF4B-00C04F79EFBC}") = "Sikiro.Nosql.Mongo", "Sikiro.Nosql.Mongo\Sikiro.Nosql.Mongo.csproj", "{CD39BB3E-ADD6-42EA-BF0A-13DDABFA4E3A}"
EndProject
Project("{FAE04EC0-301F-11D3-BF4B-00C04F79EFBC}") = "Sikiro.Nosql.Mongo.Samples", "Sikiro.Nosql.Mongo.Samples\Sikiro.Nosql.Mongo.Samples.csproj", "{9917BA4C-605B-468F-94F9-3416E33EDE1F}"
EndProject
Project("{FAE04EC0-301F-11D3-BF4B-00C04F79EFBC}") = "UnitTest", "UnitTest\UnitTest.csproj", "{9FC7527B-7881-46A4-9D3E-9804F5BBE8FF}"
EndProject
Global
	GlobalSection(SolutionConfigurationPlatforms) = preSolution
		Debug|Any CPU = Debug|Any CPU
		Release|Any CPU = Release|Any CPU
	EndGlobalSection
	GlobalSection(ProjectConfigurationPlatforms) = postSolution
		{CD39BB3E-ADD6-42EA-BF0A-13DDABFA4E3A}.Debug|Any CPU.ActiveCfg = Debug|Any CPU
		{CD39BB3E-ADD6-42EA-BF0A-13DDABFA4E3A}.Debug|Any CPU.Build.0 = Debug|Any CPU
		{CD39BB3E-ADD6-42EA-BF0A-13DDABFA4E3A}.Release|Any CPU.ActiveCfg = Release|Any CPU
		{CD39BB3E-ADD6-42EA-BF0A-13DDABFA4E3A}.Release|Any CPU.Build.0 = Release|Any CPU
		{9917BA4C-605B-468F-94F9-3416E33EDE1F}.Debug|Any CPU.ActiveCfg = Debug|Any CPU
		{9917BA4C-605B-468F-94F9-3416E33EDE1F}.Debug|Any CPU.Build.0 = Debug|Any CPU
		{9917BA4C-605B-468F-94F9-3416E33EDE1F}.Release|Any CPU.ActiveCfg = Release|Any CPU
		{9917BA4C-605B-468F-94F9-3416E33EDE1F}.Release|Any CPU.Build.0 = Release|Any CPU
		{9FC7527B-7881-46A4-9D3E-9804F5BBE8FF}.Debug|Any CPU.ActiveCfg = Debug|Any CPU
		{9FC7527B-7881-46A4-9D3E-9804F5BBE8FF}.Debug|Any CPU.Build.0 = Debug|Any CPU
		{9FC7527B-7881-46A4-9D3E-9804F5BBE8FF}.Release|Any CPU.ActiveCfg = Release|Any CPU
		{9FC7527B-7881-46A4-9D3E-9804F5BBE8FF}.Release|Any CPU.Build.0 = Release|Any CPU
	EndGlobalSection
	GlobalSection(SolutionProperties) = preSolution
		HideSolutionNode = FALSE
	EndGlobalSection
	GlobalSection(ExtensibilityGlobals) = postSolution
		SolutionGuid = {A9F9AB70-D643-48C7-94B4-26D7A87B6263}
	EndGlobalSection
EndGlobal
